
Microsoft Visual Studio Solution File, Format Version 12.00
# Visual Studio Version 17
VisualStudioVersion = 17.14.36301.6
MinimumVisualStudioVersion = 10.0.40219.1
Project("{FAE04EC0-301F-11D3-BF4B-00C04F79EFBC}") = "Exam2026", "Exam2026\Exam2026.csproj", "{21C615D7-2322-409B-B652-CB6DE61EAE27}"
EndProject
Project("{FAE04EC0-301F-11D3-BF4B-00C04F79EFBC}") = "DataManagement", "DataManagement\DataManagement.csproj", "{24AEB8E3-8FCF-4D58-B156-C9D2A4A8B37D}"
EndProject
Global
	GlobalSection(SolutionConfigurationPlatforms) = preSolution
		Debug|Any CPU = Debug|Any CPU
		Release|Any CPU = Release|Any CPU
	EndGlobalSection
	GlobalSection(ProjectConfigurationPlatforms) = postSolution
		{21C615D7-2322-409B-B652-CB6DE61EAE27}.Debug|Any CPU.ActiveCfg = Debug|Any CPU
		{21C615D7-2322-409B-B652-CB6DE61EAE27}.Debug|Any CPU.Build.0 = Debug|Any CPU
		{21C615D7-2322-409B-B652-CB6DE61EAE27}.Release|Any CPU.ActiveCfg = Release|Any CPU
		{21C615D7-2322-409B-B652-CB6DE61EAE27}.Release|Any CPU.Build.0 = Release|Any CPU
		{24AEB8E3-8FCF-4D58-B156-C9D2A4A8B37D}.Debug|Any CPU.ActiveCfg = Debug|Any CPU
		{24AEB8E3-8FCF-4D58-B156-C9D2A4A8B37D}.Debug|Any CPU.Build.0 = Debug|Any CPU
		{24AEB8E3-8FCF-4D58-B156-C9D2A4A8B37D}.Release|Any CPU.ActiveCfg = Release|Any CPU
		{24AEB8E3-8FCF-4D58-B156-C9D2A4A8B37D}.Release|Any CPU.Build.0 = Release|Any CPU
	EndGlobalSection
	GlobalSection(SolutionProperties) = preSolution
		HideSolutionNode = FALSE
	EndGlobalSection
	GlobalSection(ExtensibilityGlobals) = postSolution
		SolutionGuid = {3AB5D90B-9F78-47A0-9CC5-63CA79AC7DF9}
	EndGlobalSection
EndGlobal
